// !$*UTF8*$!
{
	archiveVersion = 1;
	classes = {
	};
	objectVersion = 46;
	objects = {

/* Begin PBXBuildFile section */
		FA7D16B01D20A6DC0001092C /* AppDelegate.swift in Sources */ = {isa = PBXBuildFile; fileRef = FA7D16AF1D20A6DC0001092C /* AppDelegate.swift */; };
		FA7D16B21D20A6DC0001092C /* ViewController.swift in Sources */ = {isa = PBXBuildFile; fileRef = FA7D16B11D20A6DC0001092C /* ViewController.swift */; };
		FA7D16B41D20A6DC0001092C /* Assets.xcassets in Resources */ = {isa = PBXBuildFile; fileRef = FA7D16B31D20A6DC0001092C /* Assets.xcassets */; };
		FA7D16B71D20A6DC0001092C /* Main.storyboard in Resources */ = {isa = PBXBuildFile; fileRef = FA7D16B51D20A6DC0001092C /* Main.storyboard */; };
/* End PBXBuildFile section */

/* Begin PBXFileReference section */
		FA7D16AC1D20A6DC0001092C /* Trello.app */ = {isa = PBXFileReference; explicitFileType = wrapper.application; includeInIndex = 0; path = Trello.app; sourceTree = BUILT_PRODUCTS_DIR; };
		FA7D16AF1D20A6DC0001092C /* AppDelegate.swift */ = {isa = PBXFileReference; lastKnownFileType = sourcecode.swift; path = AppDelegate.swift; sourceTree = "<group>"; };
		FA7D16B11D20A6DC0001092C /* ViewController.swift */ = {isa = PBXFileReference; lastKnownFileType = sourcecode.swift; path = ViewController.swift; sourceTree = "<group>"; };
		FA7D16B31D20A6DC0001092C /* Assets.xcassets */ = {isa = PBXFileReference; lastKnownFileType = folder.assetcatalog; path = Assets.xcassets; sourceTree = "<group>"; };
		FA7D16B61D20A6DC0001092C /* Base */ = {isa = PBXFileReference; lastKnownFileType = file.storyboard; name = Base; path = Base.lproj/Main.storyboard; sourceTree = "<group>"; };
		FA7D16B81D20A6DC0001092C /* Info.plist */ = {isa = PBXFileReference; lastKnownFileType = text.plist.xml; path = Info.plist; sourceTree = "<group>"; };
/* End PBXFileReference section */

/* Begin PBXFrameworksBuildPhase section */
		FA7D16A91D20A6DC0001092C /* Frameworks */ = {
			isa = PBXFrameworksBuildPhase;
			buildActionMask = 2147483647;
			files = (
			);
			runOnlyForDeploymentPostprocessing = 0;
		};
/* End PBXFrameworksBuildPhase section */

/* Begin PBXGroup section */
		FA7D16A31D20A6DC0001092C = {
			isa = PBXGroup;
			children = (
				FA7D16AE1D20A6DC0001092C /* Trello */,
				FA7D16AD1D20A6DC0001092C /* Products */,
			);
			sourceTree = "<group>";
		};
		FA7D16AD1D20A6DC0001092C /* Products */ = {
			isa = PBXGroup;
			children = (
				FA7D16AC1D20A6DC0001092C /* Trello.app */,
			);
			name = Products;
			sourceTree = "<group>";
		};
		FA7D16AE1D20A6DC0001092C /* Trello */ = {
			isa = PBXGroup;
			children = (
				FA7D16AF1D20A6DC0001092C /* AppDelegate.swift */,
				FA7D16B11D20A6DC0001092C /* ViewController.swift */,
				FA7D16B31D20A6DC0001092C /* Assets.xcassets */,
				FA7D16B51D20A6DC0001092C /* Main.storyboard */,
				FA7D16B81D20A6DC0001092C /* Info.plist */,
			);
			path = Trello;
			sourceTree = "<group>";
		};
/* End PBXGroup section */

/* Begin PBXNativeTarget section */
		FA7D16AB1D20A6DC0001092C /* Trello */ = {
			isa = PBXNativeTarget;
			buildConfigurationList = FA7D16BB1D20A6DC0001092C /* Build configuration list for PBXNativeTarget "Trello" */;
			buildPhases = (
				FA7D16A81D20A6DC0001092C /* Sources */,
				FA7D16A91D20A6DC0001092C /* Frameworks */,
				FA7D16AA1D20A6DC0001092C /* Resources */,
			);
			buildRules = (
			);
			dependencies = (
			);
			name = Trello;
			productName = Trello;
			productReference = FA7D16AC1D20A6DC0001092C /* Trello.app */;
			productType = "com.apple.product-type.application";
		};
/* End PBXNativeTarget section */

/* Begin PBXProject section */
		FA7D16A41D20A6DC0001092C /* Project object */ = {
			isa = PBXProject;
			attributes = {
				LastSwiftUpdateCheck = 0730;
				LastUpgradeCheck = 0730;
				ORGANIZATIONNAME = "Alexis Leon";
				TargetAttributes = {
					FA7D16AB1D20A6DC0001092C = {
						CreatedOnToolsVersion = 7.3.1;
					};
				};
			};
			buildConfigurationList = FA7D16A71D20A6DC0001092C /* Build configuration list for PBXProject "Trello" */;
			compatibilityVersion = "Xcode 3.2";
			developmentRegion = English;
			hasScannedForEncodings = 0;
			knownRegions = (
				en,
				Base,
			);
			mainGroup = FA7D16A31D20A6DC0001092C;
			productRefGroup = FA7D16AD1D20A6DC0001092C /* Products */;
			projectDirPath = "";
			projectRoot = "";
			targets = (
				FA7D16AB1D20A6DC0001092C /* Trello */,
			);
		};
/* End PBXProject section */

/* Begin PBXResourcesBuildPhase section */
		FA7D16AA1D20A6DC0001092C /* Resources */ = {
			isa = PBXResourcesBuildPhase;
			buildActionMask = 2147483647;
			files = (
				FA7D16B41D20A6DC0001092C /* Assets.xcassets in Resources */,
				FA7D16B71D20A6DC0001092C /* Main.storyboard in Resources */,
			);
			runOnlyForDeploymentPostprocessing = 0;
		};
/* End PBXResourcesBuildPhase section */

/* Begin PBXSourcesBuildPhase section */
		FA7D16A81D20A6DC0001092C /* Sources */ = {
			isa = PBXSourcesBuildPhase;
			buildActionMask = 2147483647;
			files = (
				FA7D16B21D20A6DC0001092C /* ViewController.swift in Sources */,
				FA7D16B01D20A6DC0001092C /* AppDelegate.swift in Sources */,
			);
			runOnlyForDeploymentPostprocessing = 0;
		};
/* End PBXSourcesBuildPhase section */

/* Begin PBXVariantGroup section */
		FA7D16B51D20A6DC0001092C /* Main.storyboard */ = {
			isa = PBXVariantGroup;
			children = (
				FA7D16B61D20A6DC0001092C /* Base */,
			);
			name = Main.storyboard;
			sourceTree = "<group>";
		};
/* End PBXVariantGroup section */

/* Begin XCBuildConfiguration section */
		FA7D16B91D20A6DC0001092C /* Debug */ = {
			isa = XCBuildConfiguration;
			buildSettings = {
				ALWAYS_SEARCH_USER_PATHS = NO;
				CLANG_ANALYZER_NONNULL = YES;
				CLANG_CXX_LANGUAGE_STANDARD = "gnu++0x";
				CLANG_CXX_LIBRARY = "libc++";
				CLANG_ENABLE_MODULES = YES;
				CLANG_ENABLE_OBJC_ARC = YES;
				CLANG_WARN_BOOL_CONVERSION = YES;
				CLANG_WARN_CONSTANT_CONVERSION = YES;
				CLANG_WARN_DIRECT_OBJC_ISA_USAGE = YES_ERROR;
				CLANG_WARN_EMPTY_BODY = YES;
				CLANG_WARN_ENUM_CONVERSION = YES;
				CLANG_WARN_INT_CONVERSION = YES;
				CLANG_WARN_OBJC_ROOT_CLASS = YES_ERROR;
				CLANG_WARN_UNREACHABLE_CODE = YES;
				CLANG_WARN__DUPLICATE_METHOD_MATCH = YES;
				CODE_SIGN_IDENTITY = "-";
				COPY_PHASE_STRIP = NO;
				DEBUG_INFORMATION_FORMAT = dwarf;
				ENABLE_STRICT_OBJC_MSGSEND = YES;
				ENABLE_TESTABILITY = YES;
				GCC_C_LANGUAGE_STANDARD = gnu99;
				GCC_DYNAMIC_NO_PIC = NO;
				GCC_NO_COMMON_BLOCKS = YES;
				GCC_OPTIMIZATION_LEVEL = 0;
				GCC_PREPROCESSOR_DEFINITIONS = (
					"DEBUG=1",
					"$(inherited)",
				);
				GCC_WARN_64_TO_32_BIT_CONVERSION = YES;
				GCC_WARN_ABOUT_RETURN_TYPE = YES_ERROR;
				GCC_WARN_UNDECLARED_SELECTOR = YES;
				GCC_WARN_UNINITIALIZED_AUTOS = YES_AGGRESSIVE;
				GCC_WARN_UNUSED_FUNCTION = YES;
				GCC_WARN_UNUSED_VARIABLE = YES;
				MACOSX_DEPLOYMENT_TARGET = 10.11;
				MTL_ENABLE_DEBUG_INFO = YES;
				ONLY_ACTIVE_ARCH = YES;
				SDKROOT = macosx;
				SWIFT_OPTIMIZATION_LEVEL = "-Onone";
			};
			name = Debug;
		};
		FA7D16BA1D20A6DC0001092C /* Release */ = {
			isa = XCBuildConfiguration;
			buildSettings = {
				ALWAYS_SEARCH_USER_PATHS = NO;
				CLANG_ANALYZER_NONNULL = YES;
				CLANG_CXX_LANGUAGE_STANDARD = "gnu++0x";
				CLANG_CXX_LIBRARY = "libc++";
				CLANG_ENABLE_MODULES = YES;
				CLANG_ENABLE_OBJC_ARC = YES;
				CLANG_WARN_BOOL_CONVERSION = YES;
				CLANG_WARN_CONSTANT_CONVERSION = YES;
				CLANG_WARN_DIRECT_OBJC_ISA_USAGE = YES_ERROR;
				CLANG_WARN_EMPTY_BODY = YES;
				CLANG_WARN_ENUM_CONVERSION = YES;
				CLANG_WARN_INT_CONVERSION = YES;
				CLANG_WARN_OBJC_ROOT_CLASS = YES_ERROR;
				CLANG_WARN_UNREACHABLE_CODE = YES;
				CLANG_WARN__DUPLICATE_METHOD_MATCH = YES;
				CODE_SIGN_IDENTITY = "-";
				COPY_PHASE_STRIP = NO;
				DEBUG_INFORMATION_FORMAT = "dwarf-with-dsym";
				ENABLE_NS_ASSERTIONS = NO;
				ENABLE_STRICT_OBJC_MSGSEND = YES;
				GCC_C_LANGUAGE_STANDARD = gnu99;
				GCC_NO_COMMON_BLOCKS = YES;
				GCC_WARN_64_TO_32_BIT_CONVERSION = YES;
				GCC_WARN_ABOUT_RETURN_TYPE = YES_ERROR;
				GCC_WARN_UNDECLARED_SELECTOR = YES;
				GCC_WARN_UNINITIALIZED_AUTOS = YES_AGGRESSIVE;
				GCC_WARN_UNUSED_FUNCTION = YES;
				GCC_WARN_UNUSED_VARIABLE = YES;
				MACOSX_DEPLOYMENT_TARGET = 10.11;
				MTL_ENABLE_DEBUG_INFO = NO;
				SDKROOT = macosx;
			};
			name = Release;
		};
		FA7D16BC1D20A6DC0001092C /* Debug */ = {
			isa = XCBuildConfiguration;
			buildSettings = {
				ASSETCATALOG_COMPILER_APPICON_NAME = AppIcon;
				COMBINE_HIDPI_IMAGES = YES;
				INFOPLIST_FILE = Trello/Info.plist;
				LD_RUNPATH_SEARCH_PATHS = "$(inherited) @executable_path/../Frameworks";
				PRODUCT_BUNDLE_IDENTIFIER = com.alexisleon.Trello;
				PRODUCT_NAME = "$(TARGET_NAME)";
			};
			name = Debug;
		};
		FA7D16BD1D20A6DC0001092C /* Release */ = {
			isa = XCBuildConfiguration;
			buildSettings = {
				ASSETCATALOG_COMPILER_APPICON_NAME = AppIcon;
				COMBINE_HIDPI_IMAGES = YES;
				INFOPLIST_FILE = Trello/Info.plist;
				LD_RUNPATH_SEARCH_PATHS = "$(inherited) @executable_path/../Frameworks";
				PRODUCT_BUNDLE_IDENTIFIER = com.alexisleon.Trello;
				PRODUCT_NAME = "$(TARGET_NAME)";
			};
			name = Release;
		};
/* End XCBuildConfiguration section */

/* Begin XCConfigurationList section */
		FA7D16A71D20A6DC0001092C /* Build configuration list for PBXProject "Trello" */ = {
			isa = XCConfigurationList;
			buildConfigurations = (
				FA7D16B91D20A6DC0001092C /* Debug */,
				FA7D16BA1D20A6DC0001092C /* Release */,
			);
			defaultConfigurationIsVisible = 0;
			defaultConfigurationName = Release;
		};
		FA7D16BB1D20A6DC0001092C /* Build configuration list for PBXNativeTarget "Trello" */ = {
			isa = XCConfigurationList;
			buildConfigurations = (
				FA7D16BC1D20A6DC0001092C /* Debug */,
				FA7D16BD1D20A6DC0001092C /* Release */,
			);
			defaultConfigurationIsVisible = 0;
		};
/* End XCConfigurationList section */
	};
	rootObject = FA7D16A41D20A6DC0001092C /* Project object */;
}
